
Microsoft Visual Studio Solution File, Format Version 12.00
# Visual Studio Version 16
VisualStudioVersion = 16.0.30413.136
MinimumVisualStudioVersion = 10.0.40219.1
Project("{FAE04EC0-301F-11D3-BF4B-00C04F79EFBC}") = "QRCode.Android", "QRCode\QRCode.Android\QRCode.Android.csproj", "{7E2E2ED1-58A2-47CB-9C73-AD0C5415F84F}"
EndProject
Project("{FAE04EC0-301F-11D3-BF4B-00C04F79EFBC}") = "QRCode.iOS", "QRCode\QRCode.iOS\QRCode.iOS.csproj", "{509BE36C-0DD0-4210-BE65-7E1D19A1E3A3}"
EndProject
Project("{FAE04EC0-301F-11D3-BF4B-00C04F79EFBC}") = "QRCode", "QRCode\QRCode\QRCode.csproj", "{3844ACCF-D9B4-4397-93C8-3E985AE62779}"
EndProject
Global
	GlobalSection(SolutionConfigurationPlatforms) = preSolution
		Debug|Any CPU = Debug|Any CPU
		Debug|iPhone = Debug|iPhone
		Debug|iPhoneSimulator = Debug|iPhoneSimulator
		Release|Any CPU = Release|Any CPU
		Release|iPhone = Release|iPhone
		Release|iPhoneSimulator = Release|iPhoneSimulator
	EndGlobalSection
	GlobalSection(ProjectConfigurationPlatforms) = postSolution
		{7E2E2ED1-58A2-47CB-9C73-AD0C5415F84F}.Debug|Any CPU.ActiveCfg = Debug|Any CPU
		{7E2E2ED1-58A2-47CB-9C73-AD0C5415F84F}.Debug|Any CPU.Build.0 = Debug|Any CPU
		{7E2E2ED1-58A2-47CB-9C73-AD0C5415F84F}.Debug|Any CPU.Deploy.0 = Debug|Any CPU
		{7E2E2ED1-58A2-47CB-9C73-AD0C5415F84F}.Debug|iPhone.ActiveCfg = Debug|Any CPU
		{7E2E2ED1-58A2-47CB-9C73-AD0C5415F84F}.Debug|iPhone.Build.0 = Debug|Any CPU
		{7E2E2ED1-58A2-47CB-9C73-AD0C5415F84F}.Debug|iPhone.Deploy.0 = Debug|Any CPU
		{7E2E2ED1-58A2-47CB-9C73-AD0C5415F84F}.Debug|iPhoneSimulator.ActiveCfg = Debug|Any CPU
		{7E2E2ED1-58A2-47CB-9C73-AD0C5415F84F}.Debug|iPhoneSimulator.Build.0 = Debug|Any CPU
		{7E2E2ED1-58A2-47CB-9C73-AD0C5415F84F}.Debug|iPhoneSimulator.Deploy.0 = Debug|Any CPU
		{7E2E2ED1-58A2-47CB-9C73-AD0C5415F84F}.Release|Any CPU.ActiveCfg = Release|Any CPU
		{7E2E2ED1-58A2-47CB-9C73-AD0C5415F84F}.Release|Any CPU.Build.0 = Release|Any CPU
		{7E2E2ED1-58A2-47CB-9C73-AD0C5415F84F}.Release|Any CPU.Deploy.0 = Release|Any CPU
		{7E2E2ED1-58A2-47CB-9C73-AD0C5415F84F}.Release|iPhone.ActiveCfg = Release|Any CPU
		{7E2E2ED1-58A2-47CB-9C73-AD0C5415F84F}.Release|iPhone.Build.0 = Release|Any CPU
		{7E2E2ED1-58A2-47CB-9C73-AD0C5415F84F}.Release|iPhone.Deploy.0 = Release|Any CPU
		{7E2E2ED1-58A2-47CB-9C73-AD0C5415F84F}.Release|iPhoneSimulator.ActiveCfg = Release|Any CPU
		{7E2E2ED1-58A2-47CB-9C73-AD0C5415F84F}.Release|iPhoneSimulator.Build.0 = Release|Any CPU
		{7E2E2ED1-58A2-47CB-9C73-AD0C5415F84F}.Release|iPhoneSimulator.Deploy.0 = Release|Any CPU
		{509BE36C-0DD0-4210-BE65-7E1D19A1E3A3}.Debug|Any CPU.ActiveCfg = Debug|iPhone
		{509BE36C-0DD0-4210-BE65-7E1D19A1E3A3}.Debug|Any CPU.Build.0 = Debug|iPhone
		{509BE36C-0DD0-4210-BE65-7E1D19A1E3A3}.Debug|Any CPU.Deploy.0 = Debug|iPhone
		{509BE36C-0DD0-4210-BE65-7E1D19A1E3A3}.Debug|iPhone.ActiveCfg = Debug|iPhone
		{509BE36C-0DD0-4210-BE65-7E1D19A1E3A3}.Debug|iPhone.Build.0 = Debug|iPhone
		{509BE36C-0DD0-4210-BE65-7E1D19A1E3A3}.Debug|iPhone.Deploy.0 = Debug|iPhone
		{509BE36C-0DD0-4210-BE65-7E1D19A1E3A3}.Debug|iPhoneSimulator.ActiveCfg = Debug|iPhoneSimulator
		{509BE36C-0DD0-4210-BE65-7E1D19A1E3A3}.Debug|iPhoneSimulator.Build.0 = Debug|iPhoneSimulator
		{509BE36C-0DD0-4210-BE65-7E1D19A1E3A3}.Debug|iPhoneSimulator.Deploy.0 = Debug|iPhoneSimulator
		{509BE36C-0DD0-4210-BE65-7E1D19A1E3A3}.Release|Any CPU.ActiveCfg = Release|iPhone
		{509BE36C-0DD0-4210-BE65-7E1D19A1E3A3}.Release|Any CPU.Build.0 = Release|iPhone
		{509BE36C-0DD0-4210-BE65-7E1D19A1E3A3}.Release|Any CPU.Deploy.0 = Release|iPhone
		{509BE36C-0DD0-4210-BE65-7E1D19A1E3A3}.Release|iPhone.ActiveCfg = Release|iPhone
		{509BE36C-0DD0-4210-BE65-7E1D19A1E3A3}.Release|iPhone.Build.0 = Release|iPhone
		{509BE36C-0DD0-4210-BE65-7E1D19A1E3A3}.Release|iPhone.Deploy.0 = Release|iPhone
		{509BE36C-0DD0-4210-BE65-7E1D19A1E3A3}.Release|iPhoneSimulator.ActiveCfg = Release|iPhoneSimulator
		{509BE36C-0DD0-4210-BE65-7E1D19A1E3A3}.Release|iPhoneSimulator.Build.0 = Release|iPhoneSimulator
		{509BE36C-0DD0-4210-BE65-7E1D19A1E3A3}.Release|iPhoneSimulator.Deploy.0 = Release|iPhoneSimulator
		{3844ACCF-D9B4-4397-93C8-3E985AE62779}.Debug|Any CPU.ActiveCfg = Debug|Any CPU
		{3844ACCF-D9B4-4397-93C8-3E985AE62779}.Debug|Any CPU.Build.0 = Debug|Any CPU
		{3844ACCF-D9B4-4397-93C8-3E985AE62779}.Debug|Any CPU.Deploy.0 = Debug|Any CPU
		{3844ACCF-D9B4-4397-93C8-3E985AE62779}.Debug|iPhone.ActiveCfg = Debug|Any CPU
		{3844ACCF-D9B4-4397-93C8-3E985AE62779}.Debug|iPhone.Build.0 = Debug|Any CPU
		{3844ACCF-D9B4-4397-93C8-3E985AE62779}.Debug|iPhone.Deploy.0 = Debug|Any CPU
		{3844ACCF-D9B4-4397-93C8-3E985AE62779}.Debug|iPhoneSimulator.ActiveCfg = Debug|Any CPU
		{3844ACCF-D9B4-4397-93C8-3E985AE62779}.Debug|iPhoneSimulator.Build.0 = Debug|Any CPU
		{3844ACCF-D9B4-4397-93C8-3E985AE62779}.Debug|iPhoneSimulator.Deploy.0 = Debug|Any CPU
		{3844ACCF-D9B4-4397-93C8-3E985AE62779}.Release|Any CPU.ActiveCfg = Release|Any CPU
		{3844ACCF-D9B4-4397-93C8-3E985AE62779}.Release|Any CPU.Build.0 = Release|Any CPU
		{3844ACCF-D9B4-4397-93C8-3E985AE62779}.Release|Any CPU.Deploy.0 = Release|Any CPU
		{3844ACCF-D9B4-4397-93C8-3E985AE62779}.Release|iPhone.ActiveCfg = Release|Any CPU
		{3844ACCF-D9B4-4397-93C8-3E985AE62779}.Release|iPhone.Build.0 = Release|Any CPU
		{3844ACCF-D9B4-4397-93C8-3E985AE62779}.Release|iPhone.Deploy.0 = Release|Any CPU
		{3844ACCF-D9B4-4397-93C8-3E985AE62779}.Release|iPhoneSimulator.ActiveCfg = Release|Any CPU
		{3844ACCF-D9B4-4397-93C8-3E985AE62779}.Release|iPhoneSimulator.Build.0 = Release|Any CPU
		{3844ACCF-D9B4-4397-93C8-3E985AE62779}.Release|iPhoneSimulator.Deploy.0 = Release|Any CPU
	EndGlobalSection
	GlobalSection(SolutionProperties) = preSolution
		HideSolutionNode = FALSE
	EndGlobalSection
	GlobalSection(ExtensibilityGlobals) = postSolution
		SolutionGuid = {52ADC057-924B-4888-ADDB-BB83AC374497}
	EndGlobalSection
EndGlobal
